// !$*UTF8*$!
{
	archiveVersion = 1;
	classes = {
	};
	objectVersion = 51;
	objects = {

/* Begin PBXBuildFile section */
		1A13663C59A840938AED34FE /* Pods_recipeAppTests.framework in Frameworks */ = {isa = PBXBuildFile; fileRef = 9CF66457E9ABAC6486034495 /* Pods_recipeAppTests.framework */; };
		D9962BAC2371289E00774B21 /* RecipesViewController.swift in Sources */ = {isa = PBXBuildFile; fileRef = D9962BAB2371289E00774B21 /* RecipesViewController.swift */; };
		D9A4E19A2374A6A700312669 /* recipeTests.swift in Sources */ = {isa = PBXBuildFile; fileRef = D9A4E1992374A6A700312669 /* recipeTests.swift */; };
		D9A4E19C2374CA0100312669 /* recipeDetailTests.swift in Sources */ = {isa = PBXBuildFile; fileRef = D9A4E19B2374CA0100312669 /* recipeDetailTests.swift */; };
		D9A4E19E2374CED900312669 /* validRecipeDetail.json in Resources */ = {isa = PBXBuildFile; fileRef = D9A4E19D2374CED900312669 /* validRecipeDetail.json */; };
		D9A4E1A02374CF3E00312669 /* validRecipes.json in Resources */ = {isa = PBXBuildFile; fileRef = D9A4E19F2374CF3E00312669 /* validRecipes.json */; };
		D9A4E1A42374DC1A00312669 /* SearchRecipesCallTests.swift in Sources */ = {isa = PBXBuildFile; fileRef = D9A4E1A32374DC1A00312669 /* SearchRecipesCallTests.swift */; };
		D9A4E1A62374DC3A00312669 /* getRecipeDetailsCallTests.swift in Sources */ = {isa = PBXBuildFile; fileRef = D9A4E1A52374DC3A00312669 /* getRecipeDetailsCallTests.swift */; };
		D9AF2F5E236B639300DF3919 /* AppDelegate.swift in Sources */ = {isa = PBXBuildFile; fileRef = D9AF2F5D236B639300DF3919 /* AppDelegate.swift */; };
		D9AF2F63236B639300DF3919 /* Main.storyboard in Resources */ = {isa = PBXBuildFile; fileRef = D9AF2F61236B639300DF3919 /* Main.storyboard */; };
		D9AF2F66236B639300DF3919 /* recipeApp.xcdatamodeld in Sources */ = {isa = PBXBuildFile; fileRef = D9AF2F64236B639300DF3919 /* recipeApp.xcdatamodeld */; };
		D9AF2F68236B639400DF3919 /* Assets.xcassets in Resources */ = {isa = PBXBuildFile; fileRef = D9AF2F67236B639400DF3919 /* Assets.xcassets */; };
		D9AF2F6B236B639400DF3919 /* LaunchScreen.storyboard in Resources */ = {isa = PBXBuildFile; fileRef = D9AF2F69236B639400DF3919 /* LaunchScreen.storyboard */; };
		D9AF2F76236B639400DF3919 /* recipeAppTests.swift in Sources */ = {isa = PBXBuildFile; fileRef = D9AF2F75236B639400DF3919 /* recipeAppTests.swift */; };
		D9AF2F81236E168900DF3919 /* Recipe.swift in Sources */ = {isa = PBXBuildFile; fileRef = D9AF2F80236E168900DF3919 /* Recipe.swift */; };
		D9E98E0E2399D41300284CBE /* ProfileViewModel.swift in Sources */ = {isa = PBXBuildFile; fileRef = D9E98E0D2399D41300284CBE /* ProfileViewModel.swift */; };
		F42EFDCA23768B83000A42D1 /* HorizontalPeekingPagesCollectionViewController.swift in Sources */ = {isa = PBXBuildFile; fileRef = F42EFDC923768B83000A42D1 /* HorizontalPeekingPagesCollectionViewController.swift */; };
		F43CB6AD2398B281002CE5A0 /* RecipeCell.xib in Resources */ = {isa = PBXBuildFile; fileRef = F43CB6AC2398B281002CE5A0 /* RecipeCell.xib */; };
		F43CB6AF2398BE6F002CE5A0 /* RecipeCell.swift in Sources */ = {isa = PBXBuildFile; fileRef = F43CB6AE2398BE6F002CE5A0 /* RecipeCell.swift */; };
		F43CB6B12398C48F002CE5A0 /* Cancellable.swift in Sources */ = {isa = PBXBuildFile; fileRef = F43CB6B02398C48F002CE5A0 /* Cancellable.swift */; };
		F46BBDA8239A215300E63804 /* FilterViewController.swift in Sources */ = {isa = PBXBuildFile; fileRef = F46BBDA7239A215300E63804 /* FilterViewController.swift */; };
		F48F5D6223733F0700345980 /* RecipesViewModel.swift in Sources */ = {isa = PBXBuildFile; fileRef = F48F5D6123733F0700345980 /* RecipesViewModel.swift */; };
		F48F5D642373407B00345980 /* SearchRecipesClient.swift in Sources */ = {isa = PBXBuildFile; fileRef = F48F5D632373407B00345980 /* SearchRecipesClient.swift */; };
		F48F5D6F2373900A00345980 /* TableViewCell.swift in Sources */ = {isa = PBXBuildFile; fileRef = F48F5D6E2373900A00345980 /* TableViewCell.swift */; };
		F48F5D712373907A00345980 /* TableViewCell.xib in Resources */ = {isa = PBXBuildFile; fileRef = F48F5D702373907A00345980 /* TableViewCell.xib */; };
		F48F5D7623739E3D00345980 /* RecipeDetailViewController.swift in Sources */ = {isa = PBXBuildFile; fileRef = F48F5D7523739E3D00345980 /* RecipeDetailViewController.swift */; };
		F48F5D7923739EFE00345980 /* RecipeDetailViewModel.swift in Sources */ = {isa = PBXBuildFile; fileRef = F48F5D7823739EFE00345980 /* RecipeDetailViewModel.swift */; };
		F48F5D7F2373C00100345980 /* RecipeDetail.swift in Sources */ = {isa = PBXBuildFile; fileRef = F48F5D7E2373C00100345980 /* RecipeDetail.swift */; };
		F48F5D812373C50E00345980 /* GetRecipeDetailClient.swift in Sources */ = {isa = PBXBuildFile; fileRef = F48F5D802373C50E00345980 /* GetRecipeDetailClient.swift */; };
		F48F5D832374CF9700345980 /* IngredientsTableCell.swift in Sources */ = {isa = PBXBuildFile; fileRef = F48F5D822374CF9700345980 /* IngredientsTableCell.swift */; };
		F48F5D852374D27500345980 /* IngredientsTableCell.xib in Resources */ = {isa = PBXBuildFile; fileRef = F48F5D842374D27500345980 /* IngredientsTableCell.xib */; };
		F48F5D872374E0AB00345980 /* InstructionsTableCell.swift in Sources */ = {isa = PBXBuildFile; fileRef = F48F5D862374E0AB00345980 /* InstructionsTableCell.swift */; };
		F48F5D892374E13F00345980 /* InstructionsTableCell.xib in Resources */ = {isa = PBXBuildFile; fileRef = F48F5D882374E13F00345980 /* InstructionsTableCell.xib */; };
		F48F5D8F2374E9DF00345980 /* RecipeInstructions.swift in Sources */ = {isa = PBXBuildFile; fileRef = F48F5D8E2374E9DF00345980 /* RecipeInstructions.swift */; };
		F48F5D962375179C00345980 /* HomeViewController.swift in Sources */ = {isa = PBXBuildFile; fileRef = F48F5D952375179B00345980 /* HomeViewController.swift */; };
		F48F5D9A2375184700345980 /* TabBarController.swift in Sources */ = {isa = PBXBuildFile; fileRef = F48F5D992375184700345980 /* TabBarController.swift */; };
		F48F5D9C237518E300345980 /* ProfileViewController.swift in Sources */ = {isa = PBXBuildFile; fileRef = F48F5D9B237518E300345980 /* ProfileViewController.swift */; };
		F48F5D9E2375190D00345980 /* DiscoverViewController.swift in Sources */ = {isa = PBXBuildFile; fileRef = F48F5D9D2375190D00345980 /* DiscoverViewController.swift */; };
		F4A6FAEB239990A300B224D6 /* Cuisines.swift in Sources */ = {isa = PBXBuildFile; fileRef = F4A6FAEA239990A300B224D6 /* Cuisines.swift */; };
		F4A6FAED2399A97500B224D6 /* CuisineCell.xib in Resources */ = {isa = PBXBuildFile; fileRef = F4A6FAEC2399A97500B224D6 /* CuisineCell.xib */; };
		F4A6FAEF2399A98800B224D6 /* CuisineCell.swift in Sources */ = {isa = PBXBuildFile; fileRef = F4A6FAEE2399A98800B224D6 /* CuisineCell.swift */; };
		F4A6FAF22399CB5C00B224D6 /* EditProfileViewController.swift in Sources */ = {isa = PBXBuildFile; fileRef = F4A6FAF12399CB5C00B224D6 /* EditProfileViewController.swift */; };
		F4A6FAF42399DA9500B224D6 /* CuisineCollectionViewModel.swift in Sources */ = {isa = PBXBuildFile; fileRef = F4A6FAF32399DA9500B224D6 /* CuisineCollectionViewModel.swift */; };
		F4AC1ADE239917A100D350E7 /* SuggestedCell.xib in Resources */ = {isa = PBXBuildFile; fileRef = F4AC1ADD239917A100D350E7 /* SuggestedCell.xib */; };
		F4AC1AE02399182E00D350E7 /* SuggestedCell.swift in Sources */ = {isa = PBXBuildFile; fileRef = F4AC1ADF2399182E00D350E7 /* SuggestedCell.swift */; };
		F4AC1AE2239974FB00D350E7 /* RecipeCollectionViewModel.swift in Sources */ = {isa = PBXBuildFile; fileRef = F4AC1AE1239974FB00D350E7 /* RecipeCollectionViewModel.swift */; };
		FF6EB14633FB94B4DA4FFA97 /* Pods_recipeApp.framework in Frameworks */ = {isa = PBXBuildFile; fileRef = 87BABC711D8A71E93A6628F6 /* Pods_recipeApp.framework */; };
/* End PBXBuildFile section */

/* Begin PBXContainerItemProxy section */
		D9AF2F72236B639400DF3919 /* PBXContainerItemProxy */ = {
			isa = PBXContainerItemProxy;
			containerPortal = D9AF2F52236B639300DF3919 /* Project object */;
			proxyType = 1;
			remoteGlobalIDString = D9AF2F59236B639300DF3919;
			remoteInfo = recipeApp;
		};
/* End PBXContainerItemProxy section */

/* Begin PBXFileReference section */
		3BC0105445840DEC906D597D /* Pods-recipeAppTests.release.xcconfig */ = {isa = PBXFileReference; includeInIndex = 1; lastKnownFileType = text.xcconfig; name = "Pods-recipeAppTests.release.xcconfig"; path = "Target Support Files/Pods-recipeAppTests/Pods-recipeAppTests.release.xcconfig"; sourceTree = "<group>"; };
		431E6212265040E5046CC586 /* Pods-recipeApp.release.xcconfig */ = {isa = PBXFileReference; includeInIndex = 1; lastKnownFileType = text.xcconfig; name = "Pods-recipeApp.release.xcconfig"; path = "Target Support Files/Pods-recipeApp/Pods-recipeApp.release.xcconfig"; sourceTree = "<group>"; };
		87BABC711D8A71E93A6628F6 /* Pods_recipeApp.framework */ = {isa = PBXFileReference; explicitFileType = wrapper.framework; includeInIndex = 0; path = Pods_recipeApp.framework; sourceTree = BUILT_PRODUCTS_DIR; };
		9CF66457E9ABAC6486034495 /* Pods_recipeAppTests.framework */ = {isa = PBXFileReference; explicitFileType = wrapper.framework; includeInIndex = 0; path = Pods_recipeAppTests.framework; sourceTree = BUILT_PRODUCTS_DIR; };
		B6D6B29A63126D2A3A583CB1 /* Pods-recipeAppTests.debug.xcconfig */ = {isa = PBXFileReference; includeInIndex = 1; lastKnownFileType = text.xcconfig; name = "Pods-recipeAppTests.debug.xcconfig"; path = "Target Support Files/Pods-recipeAppTests/Pods-recipeAppTests.debug.xcconfig"; sourceTree = "<group>"; };
		C0EB2443FF7E149AA8BB1489 /* Pods-recipeApp.debug.xcconfig */ = {isa = PBXFileReference; includeInIndex = 1; lastKnownFileType = text.xcconfig; name = "Pods-recipeApp.debug.xcconfig"; path = "Target Support Files/Pods-recipeApp/Pods-recipeApp.debug.xcconfig"; sourceTree = "<group>"; };
		D9962BAB2371289E00774B21 /* RecipesViewController.swift */ = {isa = PBXFileReference; lastKnownFileType = sourcecode.swift; path = RecipesViewController.swift; sourceTree = "<group>"; };
		D9A4E1992374A6A700312669 /* recipeTests.swift */ = {isa = PBXFileReference; lastKnownFileType = sourcecode.swift; path = recipeTests.swift; sourceTree = "<group>"; };
		D9A4E19B2374CA0100312669 /* recipeDetailTests.swift */ = {isa = PBXFileReference; lastKnownFileType = sourcecode.swift; path = recipeDetailTests.swift; sourceTree = "<group>"; };
		D9A4E19D2374CED900312669 /* validRecipeDetail.json */ = {isa = PBXFileReference; lastKnownFileType = text.json; path = validRecipeDetail.json; sourceTree = "<group>"; };
		D9A4E19F2374CF3E00312669 /* validRecipes.json */ = {isa = PBXFileReference; lastKnownFileType = text.json; path = validRecipes.json; sourceTree = "<group>"; };
		D9A4E1A32374DC1A00312669 /* SearchRecipesCallTests.swift */ = {isa = PBXFileReference; lastKnownFileType = sourcecode.swift; path = SearchRecipesCallTests.swift; sourceTree = "<group>"; };
		D9A4E1A52374DC3A00312669 /* getRecipeDetailsCallTests.swift */ = {isa = PBXFileReference; lastKnownFileType = sourcecode.swift; path = getRecipeDetailsCallTests.swift; sourceTree = "<group>"; };
		D9AF2F5A236B639300DF3919 /* recipeApp.app */ = {isa = PBXFileReference; explicitFileType = wrapper.application; includeInIndex = 0; path = recipeApp.app; sourceTree = BUILT_PRODUCTS_DIR; };
		D9AF2F5D236B639300DF3919 /* AppDelegate.swift */ = {isa = PBXFileReference; lastKnownFileType = sourcecode.swift; path = AppDelegate.swift; sourceTree = "<group>"; };
		D9AF2F62236B639300DF3919 /* Base */ = {isa = PBXFileReference; lastKnownFileType = file.storyboard; name = Base; path = Base.lproj/Main.storyboard; sourceTree = "<group>"; };
		D9AF2F65236B639300DF3919 /* recipeApp.xcdatamodel */ = {isa = PBXFileReference; lastKnownFileType = wrapper.xcdatamodel; path = recipeApp.xcdatamodel; sourceTree = "<group>"; };
		D9AF2F67236B639400DF3919 /* Assets.xcassets */ = {isa = PBXFileReference; lastKnownFileType = folder.assetcatalog; path = Assets.xcassets; sourceTree = "<group>"; };
		D9AF2F6A236B639400DF3919 /* Base */ = {isa = PBXFileReference; lastKnownFileType = file.storyboard; name = Base; path = Base.lproj/LaunchScreen.storyboard; sourceTree = "<group>"; };
		D9AF2F6C236B639400DF3919 /* Info.plist */ = {isa = PBXFileReference; lastKnownFileType = text.plist.xml; path = Info.plist; sourceTree = "<group>"; };
		D9AF2F71236B639400DF3919 /* recipeAppTests.xctest */ = {isa = PBXFileReference; explicitFileType = wrapper.cfbundle; includeInIndex = 0; path = recipeAppTests.xctest; sourceTree = BUILT_PRODUCTS_DIR; };
		D9AF2F75236B639400DF3919 /* recipeAppTests.swift */ = {isa = PBXFileReference; lastKnownFileType = sourcecode.swift; path = recipeAppTests.swift; sourceTree = "<group>"; };
		D9AF2F77236B639400DF3919 /* Info.plist */ = {isa = PBXFileReference; lastKnownFileType = text.plist.xml; path = Info.plist; sourceTree = "<group>"; };
		D9AF2F80236E168900DF3919 /* Recipe.swift */ = {isa = PBXFileReference; lastKnownFileType = sourcecode.swift; path = Recipe.swift; sourceTree = "<group>"; };
		D9E98E0D2399D41300284CBE /* ProfileViewModel.swift */ = {isa = PBXFileReference; lastKnownFileType = sourcecode.swift; path = ProfileViewModel.swift; sourceTree = "<group>"; };
		F42EFDC923768B83000A42D1 /* HorizontalPeekingPagesCollectionViewController.swift */ = {isa = PBXFileReference; lastKnownFileType = sourcecode.swift; path = HorizontalPeekingPagesCollectionViewController.swift; sourceTree = "<group>"; };
		F43CB6AC2398B281002CE5A0 /* RecipeCell.xib */ = {isa = PBXFileReference; lastKnownFileType = file.xib; path = RecipeCell.xib; sourceTree = "<group>"; };
		F43CB6AE2398BE6F002CE5A0 /* RecipeCell.swift */ = {isa = PBXFileReference; lastKnownFileType = sourcecode.swift; path = RecipeCell.swift; sourceTree = "<group>"; };
		F43CB6B02398C48F002CE5A0 /* Cancellable.swift */ = {isa = PBXFileReference; lastKnownFileType = sourcecode.swift; path = Cancellable.swift; sourceTree = "<group>"; };
		F46BBDA7239A215300E63804 /* FilterViewController.swift */ = {isa = PBXFileReference; lastKnownFileType = sourcecode.swift; path = FilterViewController.swift; sourceTree = "<group>"; };
		F48F5D6123733F0700345980 /* RecipesViewModel.swift */ = {isa = PBXFileReference; lastKnownFileType = sourcecode.swift; path = RecipesViewModel.swift; sourceTree = "<group>"; };
		F48F5D632373407B00345980 /* SearchRecipesClient.swift */ = {isa = PBXFileReference; lastKnownFileType = sourcecode.swift; path = SearchRecipesClient.swift; sourceTree = "<group>"; };
		F48F5D6E2373900A00345980 /* TableViewCell.swift */ = {isa = PBXFileReference; lastKnownFileType = sourcecode.swift; path = TableViewCell.swift; sourceTree = "<group>"; };
		F48F5D702373907A00345980 /* TableViewCell.xib */ = {isa = PBXFileReference; lastKnownFileType = file.xib; path = TableViewCell.xib; sourceTree = "<group>"; };
		F48F5D7523739E3D00345980 /* RecipeDetailViewController.swift */ = {isa = PBXFileReference; lastKnownFileType = sourcecode.swift; path = RecipeDetailViewController.swift; sourceTree = "<group>"; };
		F48F5D7823739EFE00345980 /* RecipeDetailViewModel.swift */ = {isa = PBXFileReference; lastKnownFileType = sourcecode.swift; path = RecipeDetailViewModel.swift; sourceTree = "<group>"; };
		F48F5D7E2373C00100345980 /* RecipeDetail.swift */ = {isa = PBXFileReference; lastKnownFileType = sourcecode.swift; path = RecipeDetail.swift; sourceTree = "<group>"; };
		F48F5D802373C50E00345980 /* GetRecipeDetailClient.swift */ = {isa = PBXFileReference; lastKnownFileType = sourcecode.swift; path = GetRecipeDetailClient.swift; sourceTree = "<group>"; };
		F48F5D822374CF9700345980 /* IngredientsTableCell.swift */ = {isa = PBXFileReference; lastKnownFileType = sourcecode.swift; path = IngredientsTableCell.swift; sourceTree = "<group>"; };
		F48F5D842374D27500345980 /* IngredientsTableCell.xib */ = {isa = PBXFileReference; lastKnownFileType = file.xib; path = IngredientsTableCell.xib; sourceTree = "<group>"; };
		F48F5D862374E0AB00345980 /* InstructionsTableCell.swift */ = {isa = PBXFileReference; lastKnownFileType = sourcecode.swift; path = InstructionsTableCell.swift; sourceTree = "<group>"; };
		F48F5D882374E13F00345980 /* InstructionsTableCell.xib */ = {isa = PBXFileReference; lastKnownFileType = file.xib; path = InstructionsTableCell.xib; sourceTree = "<group>"; };
		F48F5D8E2374E9DF00345980 /* RecipeInstructions.swift */ = {isa = PBXFileReference; lastKnownFileType = sourcecode.swift; path = RecipeInstructions.swift; sourceTree = "<group>"; };
		F48F5D952375179B00345980 /* HomeViewController.swift */ = {isa = PBXFileReference; lastKnownFileType = sourcecode.swift; path = HomeViewController.swift; sourceTree = "<group>"; };
		F48F5D992375184700345980 /* TabBarController.swift */ = {isa = PBXFileReference; lastKnownFileType = sourcecode.swift; name = TabBarController.swift; path = ../TabBarController.swift; sourceTree = "<group>"; };
		F48F5D9B237518E300345980 /* ProfileViewController.swift */ = {isa = PBXFileReference; lastKnownFileType = sourcecode.swift; path = ProfileViewController.swift; sourceTree = "<group>"; };
		F48F5D9D2375190D00345980 /* DiscoverViewController.swift */ = {isa = PBXFileReference; lastKnownFileType = sourcecode.swift; path = DiscoverViewController.swift; sourceTree = "<group>"; };
		F4A6FAEA239990A300B224D6 /* Cuisines.swift */ = {isa = PBXFileReference; lastKnownFileType = sourcecode.swift; path = Cuisines.swift; sourceTree = "<group>"; };
		F4A6FAEC2399A97500B224D6 /* CuisineCell.xib */ = {isa = PBXFileReference; lastKnownFileType = file.xib; path = CuisineCell.xib; sourceTree = "<group>"; };
		F4A6FAEE2399A98800B224D6 /* CuisineCell.swift */ = {isa = PBXFileReference; lastKnownFileType = sourcecode.swift; path = CuisineCell.swift; sourceTree = "<group>"; };
		F4A6FAF12399CB5C00B224D6 /* EditProfileViewController.swift */ = {isa = PBXFileReference; lastKnownFileType = sourcecode.swift; path = EditProfileViewController.swift; sourceTree = "<group>"; };
		F4A6FAF32399DA9500B224D6 /* CuisineCollectionViewModel.swift */ = {isa = PBXFileReference; lastKnownFileType = sourcecode.swift; path = CuisineCollectionViewModel.swift; sourceTree = "<group>"; };
		F4AC1ADD239917A100D350E7 /* SuggestedCell.xib */ = {isa = PBXFileReference; lastKnownFileType = file.xib; path = SuggestedCell.xib; sourceTree = "<group>"; };
		F4AC1ADF2399182E00D350E7 /* SuggestedCell.swift */ = {isa = PBXFileReference; lastKnownFileType = sourcecode.swift; path = SuggestedCell.swift; sourceTree = "<group>"; };
		F4AC1AE1239974FB00D350E7 /* RecipeCollectionViewModel.swift */ = {isa = PBXFileReference; lastKnownFileType = sourcecode.swift; path = RecipeCollectionViewModel.swift; sourceTree = "<group>"; };
/* End PBXFileReference section */

/* Begin PBXFrameworksBuildPhase section */
		D9AF2F57236B639300DF3919 /* Frameworks */ = {
			isa = PBXFrameworksBuildPhase;
			buildActionMask = 2147483647;
			files = (
				FF6EB14633FB94B4DA4FFA97 /* Pods_recipeApp.framework in Frameworks */,
			);
			runOnlyForDeploymentPostprocessing = 0;
		};
		D9AF2F6E236B639400DF3919 /* Frameworks */ = {
			isa = PBXFrameworksBuildPhase;
			buildActionMask = 2147483647;
			files = (
				1A13663C59A840938AED34FE /* Pods_recipeAppTests.framework in Frameworks */,
			);
			runOnlyForDeploymentPostprocessing = 0;
		};
/* End PBXFrameworksBuildPhase section */

/* Begin PBXGroup section */
		9760C53C0D892B4D58BF7E40 /* Pods */ = {
			isa = PBXGroup;
			children = (
				C0EB2443FF7E149AA8BB1489 /* Pods-recipeApp.debug.xcconfig */,
				431E6212265040E5046CC586 /* Pods-recipeApp.release.xcconfig */,
				B6D6B29A63126D2A3A583CB1 /* Pods-recipeAppTests.debug.xcconfig */,
				3BC0105445840DEC906D597D /* Pods-recipeAppTests.release.xcconfig */,
			);
			path = Pods;
			sourceTree = "<group>";
		};
		9D34ECF1BDFE3B7DE9C3EFF9 /* Frameworks */ = {
			isa = PBXGroup;
			children = (
				87BABC711D8A71E93A6628F6 /* Pods_recipeApp.framework */,
				9CF66457E9ABAC6486034495 /* Pods_recipeAppTests.framework */,
			);
			name = Frameworks;
			sourceTree = "<group>";
		};
		D9A4E1A12374DBA800312669 /* Resources */ = {
			isa = PBXGroup;
			children = (
				D9A4E19F2374CF3E00312669 /* validRecipes.json */,
				D9A4E19D2374CED900312669 /* validRecipeDetail.json */,
			);
			path = Resources;
			sourceTree = "<group>";
		};
		D9A4E1A22374DBD700312669 /* Classes */ = {
			isa = PBXGroup;
			children = (
				D9A4E19B2374CA0100312669 /* recipeDetailTests.swift */,
				D9A4E1992374A6A700312669 /* recipeTests.swift */,
				D9A4E1A32374DC1A00312669 /* SearchRecipesCallTests.swift */,
				D9A4E1A52374DC3A00312669 /* getRecipeDetailsCallTests.swift */,
			);
			path = Classes;
			sourceTree = "<group>";
		};
		D9AF2F51236B639300DF3919 = {
			isa = PBXGroup;
			children = (
				D9AF2F5C236B639300DF3919 /* recipeApp */,
				D9AF2F74236B639400DF3919 /* recipeAppTests */,
				D9AF2F5B236B639300DF3919 /* Products */,
				9760C53C0D892B4D58BF7E40 /* Pods */,
				9D34ECF1BDFE3B7DE9C3EFF9 /* Frameworks */,
			);
			sourceTree = "<group>";
		};
		D9AF2F5B236B639300DF3919 /* Products */ = {
			isa = PBXGroup;
			children = (
				D9AF2F5A236B639300DF3919 /* recipeApp.app */,
				D9AF2F71236B639400DF3919 /* recipeAppTests.xctest */,
			);
			name = Products;
			sourceTree = "<group>";
		};
		D9AF2F5C236B639300DF3919 /* recipeApp */ = {
			isa = PBXGroup;
			children = (
				D9AF2F5D236B639300DF3919 /* AppDelegate.swift */,
				D9AF2F61236B639300DF3919 /* Main.storyboard */,
				F48F5D992375184700345980 /* TabBarController.swift */,
				F48F5D952375179B00345980 /* HomeViewController.swift */,
				F42EFDC923768B83000A42D1 /* HorizontalPeekingPagesCollectionViewController.swift */,
				F4A6FAF02399CB3F00B224D6 /* Profile */,
				F4AC1ADC2399175200D350E7 /* Discover */,
				F48F5D6023733DE100345980 /* Recipes */,
				F48F5D7723739E4200345980 /* Recipe Detail */,
				F48F5D652373408100345980 /* Network */,
				F48F5D5F23733D4D00345980 /* Models */,
				D9AF2F67236B639400DF3919 /* Assets.xcassets */,
				D9AF2F69236B639400DF3919 /* LaunchScreen.storyboard */,
				D9AF2F6C236B639400DF3919 /* Info.plist */,
				D9AF2F64236B639300DF3919 /* recipeApp.xcdatamodeld */,
			);
			path = recipeApp;
			sourceTree = "<group>";
		};
		D9AF2F74236B639400DF3919 /* recipeAppTests */ = {
			isa = PBXGroup;
			children = (
				D9A4E1A22374DBD700312669 /* Classes */,
				D9A4E1A12374DBA800312669 /* Resources */,
				D9AF2F75236B639400DF3919 /* recipeAppTests.swift */,
				D9AF2F77236B639400DF3919 /* Info.plist */,
			);
			path = recipeAppTests;
			sourceTree = "<group>";
		};
		F48F5D5F23733D4D00345980 /* Models */ = {
			isa = PBXGroup;
			children = (
				D9AF2F80236E168900DF3919 /* Recipe.swift */,
				F48F5D7E2373C00100345980 /* RecipeDetail.swift */,
				F48F5D8E2374E9DF00345980 /* RecipeInstructions.swift */,
				F4A6FAEA239990A300B224D6 /* Cuisines.swift */,
			);
			path = Models;
			sourceTree = "<group>";
		};
		F48F5D6023733DE100345980 /* Recipes */ = {
			isa = PBXGroup;
			children = (
				D9962BAB2371289E00774B21 /* RecipesViewController.swift */,
				F48F5D6123733F0700345980 /* RecipesViewModel.swift */,
				F48F5D6E2373900A00345980 /* TableViewCell.swift */,
				F48F5D702373907A00345980 /* TableViewCell.xib */,
				F43CB6AC2398B281002CE5A0 /* RecipeCell.xib */,
				F43CB6AE2398BE6F002CE5A0 /* RecipeCell.swift */,
				F46BBDA7239A215300E63804 /* FilterViewController.swift */,
			);
			path = Recipes;
			sourceTree = "<group>";
		};
		F48F5D652373408100345980 /* Network */ = {
			isa = PBXGroup;
			children = (
				F48F5D802373C50E00345980 /* GetRecipeDetailClient.swift */,
				F48F5D632373407B00345980 /* SearchRecipesClient.swift */,
				F43CB6B02398C48F002CE5A0 /* Cancellable.swift */,
			);
			path = Network;
			sourceTree = "<group>";
		};
		F48F5D7723739E4200345980 /* Recipe Detail */ = {
			isa = PBXGroup;
			children = (
				F48F5D7523739E3D00345980 /* RecipeDetailViewController.swift */,
				F48F5D7823739EFE00345980 /* RecipeDetailViewModel.swift */,
				F48F5D822374CF9700345980 /* IngredientsTableCell.swift */,
				F48F5D842374D27500345980 /* IngredientsTableCell.xib */,
				F48F5D862374E0AB00345980 /* InstructionsTableCell.swift */,
				F48F5D882374E13F00345980 /* InstructionsTableCell.xib */,
			);
			path = "Recipe Detail";
			sourceTree = "<group>";
		};
		F4A6FAF02399CB3F00B224D6 /* Profile */ = {
			isa = PBXGroup;
			children = (
				F48F5D9B237518E300345980 /* ProfileViewController.swift */,
				D9E98E0D2399D41300284CBE /* ProfileViewModel.swift */,
				F4A6FAF12399CB5C00B224D6 /* EditProfileViewController.swift */,
			);
			path = Profile;
			sourceTree = "<group>";
		};
		F4AC1ADC2399175200D350E7 /* Discover */ = {
			isa = PBXGroup;
			children = (
				F48F5D9D2375190D00345980 /* DiscoverViewController.swift */,
				F4AC1AE1239974FB00D350E7 /* RecipeCollectionViewModel.swift */,
				F4A6FAF32399DA9500B224D6 /* CuisineCollectionViewModel.swift */,
				F4AC1ADD239917A100D350E7 /* SuggestedCell.xib */,
				F4AC1ADF2399182E00D350E7 /* SuggestedCell.swift */,
				F4A6FAEC2399A97500B224D6 /* CuisineCell.xib */,
				F4A6FAEE2399A98800B224D6 /* CuisineCell.swift */,
			);
			path = Discover;
			sourceTree = "<group>";
		};
/* End PBXGroup section */

/* Begin PBXNativeTarget section */
		D9AF2F59236B639300DF3919 /* recipeApp */ = {
			isa = PBXNativeTarget;
			buildConfigurationList = D9AF2F7A236B639400DF3919 /* Build configuration list for PBXNativeTarget "recipeApp" */;
			buildPhases = (
				B6FC6A570206482D333A0F6C /* [CP] Check Pods Manifest.lock */,
				D9AF2F56236B639300DF3919 /* Sources */,
				D9AF2F57236B639300DF3919 /* Frameworks */,
				D9AF2F58236B639300DF3919 /* Resources */,
				A28DA1D1A90E67EC3021E43E /* [CP] Embed Pods Frameworks */,
			);
			buildRules = (
			);
			dependencies = (
			);
			name = recipeApp;
			productName = recipeApp;
			productReference = D9AF2F5A236B639300DF3919 /* recipeApp.app */;
			productType = "com.apple.product-type.application";
		};
		D9AF2F70236B639400DF3919 /* recipeAppTests */ = {
			isa = PBXNativeTarget;
			buildConfigurationList = D9AF2F7D236B639400DF3919 /* Build configuration list for PBXNativeTarget "recipeAppTests" */;
			buildPhases = (
				96ECBFE5B1A7140ECF7CBB39 /* [CP] Check Pods Manifest.lock */,
				D9AF2F6D236B639400DF3919 /* Sources */,
				D9AF2F6E236B639400DF3919 /* Frameworks */,
				D9AF2F6F236B639400DF3919 /* Resources */,
			);
			buildRules = (
			);
			dependencies = (
				D9AF2F73236B639400DF3919 /* PBXTargetDependency */,
			);
			name = recipeAppTests;
			productName = recipeAppTests;
			productReference = D9AF2F71236B639400DF3919 /* recipeAppTests.xctest */;
			productType = "com.apple.product-type.bundle.unit-test";
		};
/* End PBXNativeTarget section */

/* Begin PBXProject section */
		D9AF2F52236B639300DF3919 /* Project object */ = {
			isa = PBXProject;
			attributes = {
				LastSwiftUpdateCheck = 1030;
				LastUpgradeCheck = 1030;
				ORGANIZATIONNAME = CMU;
				TargetAttributes = {
					D9AF2F59236B639300DF3919 = {
						CreatedOnToolsVersion = 10.3;
					};
					D9AF2F70236B639400DF3919 = {
						CreatedOnToolsVersion = 10.3;
						TestTargetID = D9AF2F59236B639300DF3919;
					};
				};
			};
			buildConfigurationList = D9AF2F55236B639300DF3919 /* Build configuration list for PBXProject "recipeApp" */;
			compatibilityVersion = "Xcode 9.3";
			developmentRegion = en;
			hasScannedForEncodings = 0;
			knownRegions = (
				en,
				Base,
			);
			mainGroup = D9AF2F51236B639300DF3919;
			productRefGroup = D9AF2F5B236B639300DF3919 /* Products */;
			projectDirPath = "";
			projectRoot = "";
			targets = (
				D9AF2F59236B639300DF3919 /* recipeApp */,
				D9AF2F70236B639400DF3919 /* recipeAppTests */,
			);
		};
/* End PBXProject section */

/* Begin PBXResourcesBuildPhase section */
		D9AF2F58236B639300DF3919 /* Resources */ = {
			isa = PBXResourcesBuildPhase;
			buildActionMask = 2147483647;
			files = (
				D9AF2F6B236B639400DF3919 /* LaunchScreen.storyboard in Resources */,
				F4A6FAED2399A97500B224D6 /* CuisineCell.xib in Resources */,
				F48F5D712373907A00345980 /* TableViewCell.xib in Resources */,
				D9AF2F68236B639400DF3919 /* Assets.xcassets in Resources */,
				F48F5D852374D27500345980 /* IngredientsTableCell.xib in Resources */,
				D9AF2F63236B639300DF3919 /* Main.storyboard in Resources */,
				F4AC1ADE239917A100D350E7 /* SuggestedCell.xib in Resources */,
				F48F5D892374E13F00345980 /* InstructionsTableCell.xib in Resources */,
				F43CB6AD2398B281002CE5A0 /* RecipeCell.xib in Resources */,
			);
			runOnlyForDeploymentPostprocessing = 0;
		};
		D9AF2F6F236B639400DF3919 /* Resources */ = {
			isa = PBXResourcesBuildPhase;
			buildActionMask = 2147483647;
			files = (
				D9A4E1A02374CF3E00312669 /* validRecipes.json in Resources */,
				D9A4E19E2374CED900312669 /* validRecipeDetail.json in Resources */,
			);
			runOnlyForDeploymentPostprocessing = 0;
		};
/* End PBXResourcesBuildPhase section */

/* Begin PBXShellScriptBuildPhase section */
		96ECBFE5B1A7140ECF7CBB39 /* [CP] Check Pods Manifest.lock */ = {
			isa = PBXShellScriptBuildPhase;
			buildActionMask = 2147483647;
			files = (
			);
			inputFileListPaths = (
			);
			inputPaths = (
				"${PODS_PODFILE_DIR_PATH}/Podfile.lock",
				"${PODS_ROOT}/Manifest.lock",
			);
			name = "[CP] Check Pods Manifest.lock";
			outputFileListPaths = (
			);
			outputPaths = (
				"$(DERIVED_FILE_DIR)/Pods-recipeAppTests-checkManifestLockResult.txt",
			);
			runOnlyForDeploymentPostprocessing = 0;
			shellPath = /bin/sh;
			shellScript = "diff \"${PODS_PODFILE_DIR_PATH}/Podfile.lock\" \"${PODS_ROOT}/Manifest.lock\" > /dev/null\nif [ $? != 0 ] ; then\n    # print error to STDERR\n    echo \"error: The sandbox is not in sync with the Podfile.lock. Run 'pod install' or update your CocoaPods installation.\" >&2\n    exit 1\nfi\n# This output is used by Xcode 'outputs' to avoid re-running this script phase.\necho \"SUCCESS\" > \"${SCRIPT_OUTPUT_FILE_0}\"\n";
			showEnvVarsInLog = 0;
		};
		A28DA1D1A90E67EC3021E43E /* [CP] Embed Pods Frameworks */ = {
			isa = PBXShellScriptBuildPhase;
			buildActionMask = 2147483647;
			files = (
			);
			inputFileListPaths = (
				"${PODS_ROOT}/Target Support Files/Pods-recipeApp/Pods-recipeApp-frameworks-${CONFIGURATION}-input-files.xcfilelist",
			);
			name = "[CP] Embed Pods Frameworks";
			outputFileListPaths = (
				"${PODS_ROOT}/Target Support Files/Pods-recipeApp/Pods-recipeApp-frameworks-${CONFIGURATION}-output-files.xcfilelist",
			);
			runOnlyForDeploymentPostprocessing = 0;
			shellPath = /bin/sh;
			shellScript = "\"${PODS_ROOT}/Target Support Files/Pods-recipeApp/Pods-recipeApp-frameworks.sh\"\n";
			showEnvVarsInLog = 0;
		};
		B6FC6A570206482D333A0F6C /* [CP] Check Pods Manifest.lock */ = {
			isa = PBXShellScriptBuildPhase;
			buildActionMask = 2147483647;
			files = (
			);
			inputFileListPaths = (
			);
			inputPaths = (
				"${PODS_PODFILE_DIR_PATH}/Podfile.lock",
				"${PODS_ROOT}/Manifest.lock",
			);
			name = "[CP] Check Pods Manifest.lock";
			outputFileListPaths = (
			);
			outputPaths = (
				"$(DERIVED_FILE_DIR)/Pods-recipeApp-checkManifestLockResult.txt",
			);
			runOnlyForDeploymentPostprocessing = 0;
			shellPath = /bin/sh;
			shellScript = "diff \"${PODS_PODFILE_DIR_PATH}/Podfile.lock\" \"${PODS_ROOT}/Manifest.lock\" > /dev/null\nif [ $? != 0 ] ; then\n    # print error to STDERR\n    echo \"error: The sandbox is not in sync with the Podfile.lock. Run 'pod install' or update your CocoaPods installation.\" >&2\n    exit 1\nfi\n# This output is used by Xcode 'outputs' to avoid re-running this script phase.\necho \"SUCCESS\" > \"${SCRIPT_OUTPUT_FILE_0}\"\n";
			showEnvVarsInLog = 0;
		};
/* End PBXShellScriptBuildPhase section */

/* Begin PBXSourcesBuildPhase section */
		D9AF2F56236B639300DF3919 /* Sources */ = {
			isa = PBXSourcesBuildPhase;
			buildActionMask = 2147483647;
			files = (
				F4A6FAF22399CB5C00B224D6 /* EditProfileViewController.swift in Sources */,
				D9AF2F66236B639300DF3919 /* recipeApp.xcdatamodeld in Sources */,
				F48F5D9A2375184700345980 /* TabBarController.swift in Sources */,
				D9E98E0E2399D41300284CBE /* ProfileViewModel.swift in Sources */,
				F43CB6B12398C48F002CE5A0 /* Cancellable.swift in Sources */,
				F43CB6AF2398BE6F002CE5A0 /* RecipeCell.swift in Sources */,
				F48F5D7623739E3D00345980 /* RecipeDetailViewController.swift in Sources */,
				F48F5D6F2373900A00345980 /* TableViewCell.swift in Sources */,
				F48F5D7923739EFE00345980 /* RecipeDetailViewModel.swift in Sources */,
				F48F5D812373C50E00345980 /* GetRecipeDetailClient.swift in Sources */,
				F48F5D872374E0AB00345980 /* InstructionsTableCell.swift in Sources */,
				F48F5D9C237518E300345980 /* ProfileViewController.swift in Sources */,
				F4AC1AE2239974FB00D350E7 /* RecipeCollectionViewModel.swift in Sources */,
				F48F5D8F2374E9DF00345980 /* RecipeInstructions.swift in Sources */,
				F4A6FAEB239990A300B224D6 /* Cuisines.swift in Sources */,
				F48F5D9E2375190D00345980 /* DiscoverViewController.swift in Sources */,
				F46BBDA8239A215300E63804 /* FilterViewController.swift in Sources */,
				F4A6FAEF2399A98800B224D6 /* CuisineCell.swift in Sources */,
				F48F5D832374CF9700345980 /* IngredientsTableCell.swift in Sources */,
				F48F5D7F2373C00100345980 /* RecipeDetail.swift in Sources */,
				D9AF2F5E236B639300DF3919 /* AppDelegate.swift in Sources */,
				F48F5D962375179C00345980 /* HomeViewController.swift in Sources */,
				F4A6FAF42399DA9500B224D6 /* CuisineCollectionViewModel.swift in Sources */,
				F4AC1AE02399182E00D350E7 /* SuggestedCell.swift in Sources */,
				F42EFDCA23768B83000A42D1 /* HorizontalPeekingPagesCollectionViewController.swift in Sources */,
				D9962BAC2371289E00774B21 /* RecipesViewController.swift in Sources */,
				F48F5D6223733F0700345980 /* RecipesViewModel.swift in Sources */,
				F48F5D642373407B00345980 /* SearchRecipesClient.swift in Sources */,
				D9AF2F81236E168900DF3919 /* Recipe.swift in Sources */,
			);
			runOnlyForDeploymentPostprocessing = 0;
		};
		D9AF2F6D236B639400DF3919 /* Sources */ = {
			isa = PBXSourcesBuildPhase;
			buildActionMask = 2147483647;
			files = (
				D9AF2F76236B639400DF3919 /* recipeAppTests.swift in Sources */,
				D9A4E19C2374CA0100312669 /* recipeDetailTests.swift in Sources */,
				D9A4E1A62374DC3A00312669 /* getRecipeDetailsCallTests.swift in Sources */,
				D9A4E1A42374DC1A00312669 /* SearchRecipesCallTests.swift in Sources */,
				D9A4E19A2374A6A700312669 /* recipeTests.swift in Sources */,
			);
			runOnlyForDeploymentPostprocessing = 0;
		};
/* End PBXSourcesBuildPhase section */

/* Begin PBXTargetDependency section */
		D9AF2F73236B639400DF3919 /* PBXTargetDependency */ = {
			isa = PBXTargetDependency;
			target = D9AF2F59236B639300DF3919 /* recipeApp */;
			targetProxy = D9AF2F72236B639400DF3919 /* PBXContainerItemProxy */;
		};
/* End PBXTargetDependency section */

/* Begin PBXVariantGroup section */
		D9AF2F61236B639300DF3919 /* Main.storyboard */ = {
			isa = PBXVariantGroup;
			children = (
				D9AF2F62236B639300DF3919 /* Base */,
			);
			name = Main.storyboard;
			sourceTree = "<group>";
		};
		D9AF2F69236B639400DF3919 /* LaunchScreen.storyboard */ = {
			isa = PBXVariantGroup;
			children = (
				D9AF2F6A236B639400DF3919 /* Base */,
			);
			name = LaunchScreen.storyboard;
			sourceTree = "<group>";
		};
/* End PBXVariantGroup section */

/* Begin XCBuildConfiguration section */
		D9AF2F78236B639400DF3919 /* Debug */ = {
			isa = XCBuildConfiguration;
			buildSettings = {
				ALWAYS_SEARCH_USER_PATHS = NO;
				CLANG_ANALYZER_NONNULL = YES;
				CLANG_ANALYZER_NUMBER_OBJECT_CONVERSION = YES_AGGRESSIVE;
				CLANG_CXX_LANGUAGE_STANDARD = "gnu++14";
				CLANG_CXX_LIBRARY = "libc++";
				CLANG_ENABLE_MODULES = YES;
				CLANG_ENABLE_OBJC_ARC = YES;
				CLANG_ENABLE_OBJC_WEAK = YES;
				CLANG_WARN_BLOCK_CAPTURE_AUTORELEASING = YES;
				CLANG_WARN_BOOL_CONVERSION = YES;
				CLANG_WARN_COMMA = YES;
				CLANG_WARN_CONSTANT_CONVERSION = YES;
				CLANG_WARN_DEPRECATED_OBJC_IMPLEMENTATIONS = YES;
				CLANG_WARN_DIRECT_OBJC_ISA_USAGE = YES_ERROR;
				CLANG_WARN_DOCUMENTATION_COMMENTS = YES;
				CLANG_WARN_EMPTY_BODY = YES;
				CLANG_WARN_ENUM_CONVERSION = YES;
				CLANG_WARN_INFINITE_RECURSION = YES;
				CLANG_WARN_INT_CONVERSION = YES;
				CLANG_WARN_NON_LITERAL_NULL_CONVERSION = YES;
				CLANG_WARN_OBJC_IMPLICIT_RETAIN_SELF = YES;
				CLANG_WARN_OBJC_LITERAL_CONVERSION = YES;
				CLANG_WARN_OBJC_ROOT_CLASS = YES_ERROR;
				CLANG_WARN_RANGE_LOOP_ANALYSIS = YES;
				CLANG_WARN_STRICT_PROTOTYPES = YES;
				CLANG_WARN_SUSPICIOUS_MOVE = YES;
				CLANG_WARN_UNGUARDED_AVAILABILITY = YES_AGGRESSIVE;
				CLANG_WARN_UNREACHABLE_CODE = YES;
				CLANG_WARN__DUPLICATE_METHOD_MATCH = YES;
				CODE_SIGN_IDENTITY = "iPhone Developer";
				COPY_PHASE_STRIP = NO;
				DEBUG_INFORMATION_FORMAT = dwarf;
				ENABLE_STRICT_OBJC_MSGSEND = YES;
				ENABLE_TESTABILITY = YES;
				GCC_C_LANGUAGE_STANDARD = gnu11;
				GCC_DYNAMIC_NO_PIC = NO;
				GCC_NO_COMMON_BLOCKS = YES;
				GCC_OPTIMIZATION_LEVEL = 0;
				GCC_PREPROCESSOR_DEFINITIONS = (
					"DEBUG=1",
					"$(inherited)",
				);
				GCC_WARN_64_TO_32_BIT_CONVERSION = YES;
				GCC_WARN_ABOUT_RETURN_TYPE = YES_ERROR;
				GCC_WARN_UNDECLARED_SELECTOR = YES;
				GCC_WARN_UNINITIALIZED_AUTOS = YES_AGGRESSIVE;
				GCC_WARN_UNUSED_FUNCTION = YES;
				GCC_WARN_UNUSED_VARIABLE = YES;
				IPHONEOS_DEPLOYMENT_TARGET = 12.4;
				MTL_ENABLE_DEBUG_INFO = INCLUDE_SOURCE;
				MTL_FAST_MATH = YES;
				ONLY_ACTIVE_ARCH = YES;
				SDKROOT = iphoneos;
				SWIFT_ACTIVE_COMPILATION_CONDITIONS = DEBUG;
				SWIFT_OPTIMIZATION_LEVEL = "-Onone";
			};
			name = Debug;
		};
		D9AF2F79236B639400DF3919 /* Release */ = {
			isa = XCBuildConfiguration;
			buildSettings = {
				ALWAYS_SEARCH_USER_PATHS = NO;
				CLANG_ANALYZER_NONNULL = YES;
				CLANG_ANALYZER_NUMBER_OBJECT_CONVERSION = YES_AGGRESSIVE;
				CLANG_CXX_LANGUAGE_STANDARD = "gnu++14";
				CLANG_CXX_LIBRARY = "libc++";
				CLANG_ENABLE_MODULES = YES;
				CLANG_ENABLE_OBJC_ARC = YES;
				CLANG_ENABLE_OBJC_WEAK = YES;
				CLANG_WARN_BLOCK_CAPTURE_AUTORELEASING = YES;
				CLANG_WARN_BOOL_CONVERSION = YES;
				CLANG_WARN_COMMA = YES;
				CLANG_WARN_CONSTANT_CONVERSION = YES;
				CLANG_WARN_DEPRECATED_OBJC_IMPLEMENTATIONS = YES;
				CLANG_WARN_DIRECT_OBJC_ISA_USAGE = YES_ERROR;
				CLANG_WARN_DOCUMENTATION_COMMENTS = YES;
				CLANG_WARN_EMPTY_BODY = YES;
				CLANG_WARN_ENUM_CONVERSION = YES;
				CLANG_WARN_INFINITE_RECURSION = YES;
				CLANG_WARN_INT_CONVERSION = YES;
				CLANG_WARN_NON_LITERAL_NULL_CONVERSION = YES;
				CLANG_WARN_OBJC_IMPLICIT_RETAIN_SELF = YES;
				CLANG_WARN_OBJC_LITERAL_CONVERSION = YES;
				CLANG_WARN_OBJC_ROOT_CLASS = YES_ERROR;
				CLANG_WARN_RANGE_LOOP_ANALYSIS = YES;
				CLANG_WARN_STRICT_PROTOTYPES = YES;
				CLANG_WARN_SUSPICIOUS_MOVE = YES;
				CLANG_WARN_UNGUARDED_AVAILABILITY = YES_AGGRESSIVE;
				CLANG_WARN_UNREACHABLE_CODE = YES;
				CLANG_WARN__DUPLICATE_METHOD_MATCH = YES;
				CODE_SIGN_IDENTITY = "iPhone Developer";
				COPY_PHASE_STRIP = NO;
				DEBUG_INFORMATION_FORMAT = "dwarf-with-dsym";
				ENABLE_NS_ASSERTIONS = NO;
				ENABLE_STRICT_OBJC_MSGSEND = YES;
				GCC_C_LANGUAGE_STANDARD = gnu11;
				GCC_NO_COMMON_BLOCKS = YES;
				GCC_WARN_64_TO_32_BIT_CONVERSION = YES;
				GCC_WARN_ABOUT_RETURN_TYPE = YES_ERROR;
				GCC_WARN_UNDECLARED_SELECTOR = YES;
				GCC_WARN_UNINITIALIZED_AUTOS = YES_AGGRESSIVE;
				GCC_WARN_UNUSED_FUNCTION = YES;
				GCC_WARN_UNUSED_VARIABLE = YES;
				IPHONEOS_DEPLOYMENT_TARGET = 12.4;
				MTL_ENABLE_DEBUG_INFO = NO;
				MTL_FAST_MATH = YES;
				SDKROOT = iphoneos;
				SWIFT_COMPILATION_MODE = wholemodule;
				SWIFT_OPTIMIZATION_LEVEL = "-O";
				VALIDATE_PRODUCT = YES;
			};
			name = Release;
		};
		D9AF2F7B236B639400DF3919 /* Debug */ = {
			isa = XCBuildConfiguration;
			baseConfigurationReference = C0EB2443FF7E149AA8BB1489 /* Pods-recipeApp.debug.xcconfig */;
			buildSettings = {
				ASSETCATALOG_COMPILER_APPICON_NAME = AppIcon;
				CODE_SIGN_STYLE = Automatic;
				DEVELOPMENT_TEAM = 22WS97F2ZA;
				INFOPLIST_FILE = recipeApp/Info.plist;
				IPHONEOS_DEPLOYMENT_TARGET = 12.4;
				LD_RUNPATH_SEARCH_PATHS = (
					"$(inherited)",
					"@executable_path/Frameworks",
				);
				PRODUCT_BUNDLE_IDENTIFIER = CMU.recipeApp;
				PRODUCT_NAME = "$(TARGET_NAME)";
				SWIFT_VERSION = 5.0;
				TARGETED_DEVICE_FAMILY = "1,2";
			};
			name = Debug;
		};
		D9AF2F7C236B639400DF3919 /* Release */ = {
			isa = XCBuildConfiguration;
			baseConfigurationReference = 431E6212265040E5046CC586 /* Pods-recipeApp.release.xcconfig */;
			buildSettings = {
				ASSETCATALOG_COMPILER_APPICON_NAME = AppIcon;
				CODE_SIGN_STYLE = Automatic;
				DEVELOPMENT_TEAM = 22WS97F2ZA;
				INFOPLIST_FILE = recipeApp/Info.plist;
				IPHONEOS_DEPLOYMENT_TARGET = 12.4;
				LD_RUNPATH_SEARCH_PATHS = (
					"$(inherited)",
					"@executable_path/Frameworks",
				);
				PRODUCT_BUNDLE_IDENTIFIER = CMU.recipeApp;
				PRODUCT_NAME = "$(TARGET_NAME)";
				SWIFT_VERSION = 5.0;
				TARGETED_DEVICE_FAMILY = "1,2";
			};
			name = Release;
		};
		D9AF2F7E236B639400DF3919 /* Debug */ = {
			isa = XCBuildConfiguration;
			baseConfigurationReference = B6D6B29A63126D2A3A583CB1 /* Pods-recipeAppTests.debug.xcconfig */;
			buildSettings = {
				ALWAYS_EMBED_SWIFT_STANDARD_LIBRARIES = YES;
				BUNDLE_LOADER = "$(TEST_HOST)";
				CODE_SIGN_STYLE = Automatic;
				INFOPLIST_FILE = recipeAppTests/Info.plist;
				LD_RUNPATH_SEARCH_PATHS = (
					"$(inherited)",
					"@executable_path/Frameworks",
					"@loader_path/Frameworks",
				);
				PRODUCT_BUNDLE_IDENTIFIER = CMU.recipeAppTests;
				PRODUCT_NAME = "$(TARGET_NAME)";
				SWIFT_VERSION = 5.0;
				TARGETED_DEVICE_FAMILY = "1,2";
				TEST_HOST = "$(BUILT_PRODUCTS_DIR)/recipeApp.app/recipeApp";
			};
			name = Debug;
		};
		D9AF2F7F236B639400DF3919 /* Release */ = {
			isa = XCBuildConfiguration;
			baseConfigurationReference = 3BC0105445840DEC906D597D /* Pods-recipeAppTests.release.xcconfig */;
			buildSettings = {
				ALWAYS_EMBED_SWIFT_STANDARD_LIBRARIES = YES;
				BUNDLE_LOADER = "$(TEST_HOST)";
				CODE_SIGN_STYLE = Automatic;
				INFOPLIST_FILE = recipeAppTests/Info.plist;
				LD_RUNPATH_SEARCH_PATHS = (
					"$(inherited)",
					"@executable_path/Frameworks",
					"@loader_path/Frameworks",
				);
				PRODUCT_BUNDLE_IDENTIFIER = CMU.recipeAppTests;
				PRODUCT_NAME = "$(TARGET_NAME)";
				SWIFT_VERSION = 5.0;
				TARGETED_DEVICE_FAMILY = "1,2";
				TEST_HOST = "$(BUILT_PRODUCTS_DIR)/recipeApp.app/recipeApp";
			};
			name = Release;
		};
/* End XCBuildConfiguration section */

/* Begin XCConfigurationList section */
		D9AF2F55236B639300DF3919 /* Build configuration list for PBXProject "recipeApp" */ = {
			isa = XCConfigurationList;
			buildConfigurations = (
				D9AF2F78236B639400DF3919 /* Debug */,
				D9AF2F79236B639400DF3919 /* Release */,
			);
			defaultConfigurationIsVisible = 0;
			defaultConfigurationName = Release;
		};
		D9AF2F7A236B639400DF3919 /* Build configuration list for PBXNativeTarget "recipeApp" */ = {
			isa = XCConfigurationList;
			buildConfigurations = (
				D9AF2F7B236B639400DF3919 /* Debug */,
				D9AF2F7C236B639400DF3919 /* Release */,
			);
			defaultConfigurationIsVisible = 0;
			defaultConfigurationName = Release;
		};
		D9AF2F7D236B639400DF3919 /* Build configuration list for PBXNativeTarget "recipeAppTests" */ = {
			isa = XCConfigurationList;
			buildConfigurations = (
				D9AF2F7E236B639400DF3919 /* Debug */,
				D9AF2F7F236B639400DF3919 /* Release */,
			);
			defaultConfigurationIsVisible = 0;
			defaultConfigurationName = Release;
		};
/* End XCConfigurationList section */

/* Begin XCVersionGroup section */
		D9AF2F64236B639300DF3919 /* recipeApp.xcdatamodeld */ = {
			isa = XCVersionGroup;
			children = (
				D9AF2F65236B639300DF3919 /* recipeApp.xcdatamodel */,
			);
			currentVersion = D9AF2F65236B639300DF3919 /* recipeApp.xcdatamodel */;
			path = recipeApp.xcdatamodeld;
			sourceTree = "<group>";
			versionGroupType = wrapper.xcdatamodel;
		};
/* End XCVersionGroup section */
	};
	rootObject = D9AF2F52236B639300DF3919 /* Project object */;
}
