// !$*UTF8*$!
{
	archiveVersion = 1;
	classes = {
	};
	objectVersion = 50;
	objects = {

/* Begin PBXBuildFile section */
		D9962BAC2371289E00774B21 /* RecipesViewController.swift in Sources */ = {isa = PBXBuildFile; fileRef = D9962BAB2371289E00774B21 /* RecipesViewController.swift */; };
		D9AF2F5E236B639300DF3919 /* AppDelegate.swift in Sources */ = {isa = PBXBuildFile; fileRef = D9AF2F5D236B639300DF3919 /* AppDelegate.swift */; };
		D9AF2F60236B639300DF3919 /* ViewController.swift in Sources */ = {isa = PBXBuildFile; fileRef = D9AF2F5F236B639300DF3919 /* ViewController.swift */; };
		D9AF2F63236B639300DF3919 /* Main.storyboard in Resources */ = {isa = PBXBuildFile; fileRef = D9AF2F61236B639300DF3919 /* Main.storyboard */; };
		D9AF2F66236B639300DF3919 /* recipeApp.xcdatamodeld in Sources */ = {isa = PBXBuildFile; fileRef = D9AF2F64236B639300DF3919 /* recipeApp.xcdatamodeld */; };
		D9AF2F68236B639400DF3919 /* Assets.xcassets in Resources */ = {isa = PBXBuildFile; fileRef = D9AF2F67236B639400DF3919 /* Assets.xcassets */; };
		D9AF2F6B236B639400DF3919 /* LaunchScreen.storyboard in Resources */ = {isa = PBXBuildFile; fileRef = D9AF2F69236B639400DF3919 /* LaunchScreen.storyboard */; };
		D9AF2F76236B639400DF3919 /* recipeAppTests.swift in Sources */ = {isa = PBXBuildFile; fileRef = D9AF2F75236B639400DF3919 /* recipeAppTests.swift */; };
		D9AF2F81236E168900DF3919 /* Recipe.swift in Sources */ = {isa = PBXBuildFile; fileRef = D9AF2F80236E168900DF3919 /* Recipe.swift */; };
		F48F5D6223733F0700345980 /* RepositoriesViewModel.swift in Sources */ = {isa = PBXBuildFile; fileRef = F48F5D6123733F0700345980 /* RepositoriesViewModel.swift */; };
		F48F5D642373407B00345980 /* SearchRecipesClient.swift in Sources */ = {isa = PBXBuildFile; fileRef = F48F5D632373407B00345980 /* SearchRecipesClient.swift */; };
/* End PBXBuildFile section */

/* Begin PBXContainerItemProxy section */
		D9AF2F72236B639400DF3919 /* PBXContainerItemProxy */ = {
			isa = PBXContainerItemProxy;
			containerPortal = D9AF2F52236B639300DF3919 /* Project object */;
			proxyType = 1;
			remoteGlobalIDString = D9AF2F59236B639300DF3919;
			remoteInfo = recipeApp;
		};
/* End PBXContainerItemProxy section */

/* Begin PBXFileReference section */
		D9962BAB2371289E00774B21 /* RecipesViewController.swift */ = {isa = PBXFileReference; lastKnownFileType = sourcecode.swift; path = RecipesViewController.swift; sourceTree = "<group>"; };
		D9AF2F5A236B639300DF3919 /* recipeApp.app */ = {isa = PBXFileReference; explicitFileType = wrapper.application; includeInIndex = 0; path = recipeApp.app; sourceTree = BUILT_PRODUCTS_DIR; };
		D9AF2F5D236B639300DF3919 /* AppDelegate.swift */ = {isa = PBXFileReference; lastKnownFileType = sourcecode.swift; path = AppDelegate.swift; sourceTree = "<group>"; };
		D9AF2F5F236B639300DF3919 /* ViewController.swift */ = {isa = PBXFileReference; lastKnownFileType = sourcecode.swift; path = ViewController.swift; sourceTree = "<group>"; };
		D9AF2F62236B639300DF3919 /* Base */ = {isa = PBXFileReference; lastKnownFileType = file.storyboard; name = Base; path = Base.lproj/Main.storyboard; sourceTree = "<group>"; };
		D9AF2F65236B639300DF3919 /* recipeApp.xcdatamodel */ = {isa = PBXFileReference; lastKnownFileType = wrapper.xcdatamodel; path = recipeApp.xcdatamodel; sourceTree = "<group>"; };
		D9AF2F67236B639400DF3919 /* Assets.xcassets */ = {isa = PBXFileReference; lastKnownFileType = folder.assetcatalog; path = Assets.xcassets; sourceTree = "<group>"; };
		D9AF2F6A236B639400DF3919 /* Base */ = {isa = PBXFileReference; lastKnownFileType = file.storyboard; name = Base; path = Base.lproj/LaunchScreen.storyboard; sourceTree = "<group>"; };
		D9AF2F6C236B639400DF3919 /* Info.plist */ = {isa = PBXFileReference; lastKnownFileType = text.plist.xml; path = Info.plist; sourceTree = "<group>"; };
		D9AF2F71236B639400DF3919 /* recipeAppTests.xctest */ = {isa = PBXFileReference; explicitFileType = wrapper.cfbundle; includeInIndex = 0; path = recipeAppTests.xctest; sourceTree = BUILT_PRODUCTS_DIR; };
		D9AF2F75236B639400DF3919 /* recipeAppTests.swift */ = {isa = PBXFileReference; lastKnownFileType = sourcecode.swift; path = recipeAppTests.swift; sourceTree = "<group>"; };
		D9AF2F77236B639400DF3919 /* Info.plist */ = {isa = PBXFileReference; lastKnownFileType = text.plist.xml; path = Info.plist; sourceTree = "<group>"; };
		D9AF2F80236E168900DF3919 /* Recipe.swift */ = {isa = PBXFileReference; lastKnownFileType = sourcecode.swift; path = Recipe.swift; sourceTree = "<group>"; };
		F48F5D6123733F0700345980 /* RepositoriesViewModel.swift */ = {isa = PBXFileReference; lastKnownFileType = sourcecode.swift; path = RepositoriesViewModel.swift; sourceTree = "<group>"; };
		F48F5D632373407B00345980 /* SearchRecipesClient.swift */ = {isa = PBXFileReference; lastKnownFileType = sourcecode.swift; path = SearchRecipesClient.swift; sourceTree = "<group>"; };
/* End PBXFileReference section */

/* Begin PBXFrameworksBuildPhase section */
		D9AF2F57236B639300DF3919 /* Frameworks */ = {
			isa = PBXFrameworksBuildPhase;
			buildActionMask = 2147483647;
			files = (
			);
			runOnlyForDeploymentPostprocessing = 0;
		};
		D9AF2F6E236B639400DF3919 /* Frameworks */ = {
			isa = PBXFrameworksBuildPhase;
			buildActionMask = 2147483647;
			files = (
			);
			runOnlyForDeploymentPostprocessing = 0;
		};
/* End PBXFrameworksBuildPhase section */

/* Begin PBXGroup section */
		D9AF2F51236B639300DF3919 = {
			isa = PBXGroup;
			children = (
				D9AF2F5C236B639300DF3919 /* recipeApp */,
				D9AF2F74236B639400DF3919 /* recipeAppTests */,
				D9AF2F5B236B639300DF3919 /* Products */,
			);
			sourceTree = "<group>";
		};
		D9AF2F5B236B639300DF3919 /* Products */ = {
			isa = PBXGroup;
			children = (
				D9AF2F5A236B639300DF3919 /* recipeApp.app */,
				D9AF2F71236B639400DF3919 /* recipeAppTests.xctest */,
			);
			name = Products;
			sourceTree = "<group>";
		};
		D9AF2F5C236B639300DF3919 /* recipeApp */ = {
			isa = PBXGroup;
			children = (
				D9AF2F5D236B639300DF3919 /* AppDelegate.swift */,
				D9AF2F5F236B639300DF3919 /* ViewController.swift */,
				F48F5D652373408100345980 /* Network */,
				F48F5D5F23733D4D00345980 /* Models */,
				D9AF2F61236B639300DF3919 /* Main.storyboard */,
				F48F5D6023733DE100345980 /* Recipes */,
				D9AF2F67236B639400DF3919 /* Assets.xcassets */,
				D9AF2F69236B639400DF3919 /* LaunchScreen.storyboard */,
				D9AF2F6C236B639400DF3919 /* Info.plist */,
				D9AF2F64236B639300DF3919 /* recipeApp.xcdatamodeld */,
			);
			path = recipeApp;
			sourceTree = "<group>";
		};
		D9AF2F74236B639400DF3919 /* recipeAppTests */ = {
			isa = PBXGroup;
			children = (
				D9AF2F75236B639400DF3919 /* recipeAppTests.swift */,
				D9AF2F77236B639400DF3919 /* Info.plist */,
			);
			path = recipeAppTests;
			sourceTree = "<group>";
		};
		F48F5D5F23733D4D00345980 /* Models */ = {
			isa = PBXGroup;
			children = (
				D9AF2F80236E168900DF3919 /* Recipe.swift */,
			);
			path = Models;
			sourceTree = "<group>";
		};
		F48F5D6023733DE100345980 /* Recipes */ = {
			isa = PBXGroup;
			children = (
				D9962BAB2371289E00774B21 /* RecipesViewController.swift */,
				F48F5D6123733F0700345980 /* RepositoriesViewModel.swift */,
			);
			path = Recipes;
			sourceTree = "<group>";
		};
		F48F5D652373408100345980 /* Network */ = {
			isa = PBXGroup;
			children = (
				F48F5D632373407B00345980 /* SearchRecipesClient.swift */,
			);
			path = Network;
			sourceTree = "<group>";
		};
/* End PBXGroup section */

/* Begin PBXNativeTarget section */
		D9AF2F59236B639300DF3919 /* recipeApp */ = {
			isa = PBXNativeTarget;
			buildConfigurationList = D9AF2F7A236B639400DF3919 /* Build configuration list for PBXNativeTarget "recipeApp" */;
			buildPhases = (
				D9AF2F56236B639300DF3919 /* Sources */,
				D9AF2F57236B639300DF3919 /* Frameworks */,
				D9AF2F58236B639300DF3919 /* Resources */,
			);
			buildRules = (
			);
			dependencies = (
			);
			name = recipeApp;
			productName = recipeApp;
			productReference = D9AF2F5A236B639300DF3919 /* recipeApp.app */;
			productType = "com.apple.product-type.application";
		};
		D9AF2F70236B639400DF3919 /* recipeAppTests */ = {
			isa = PBXNativeTarget;
			buildConfigurationList = D9AF2F7D236B639400DF3919 /* Build configuration list for PBXNativeTarget "recipeAppTests" */;
			buildPhases = (
				D9AF2F6D236B639400DF3919 /* Sources */,
				D9AF2F6E236B639400DF3919 /* Frameworks */,
				D9AF2F6F236B639400DF3919 /* Resources */,
			);
			buildRules = (
			);
			dependencies = (
				D9AF2F73236B639400DF3919 /* PBXTargetDependency */,
			);
			name = recipeAppTests;
			productName = recipeAppTests;
			productReference = D9AF2F71236B639400DF3919 /* recipeAppTests.xctest */;
			productType = "com.apple.product-type.bundle.unit-test";
		};
/* End PBXNativeTarget section */

/* Begin PBXProject section */
		D9AF2F52236B639300DF3919 /* Project object */ = {
			isa = PBXProject;
			attributes = {
				LastSwiftUpdateCheck = 1030;
				LastUpgradeCheck = 1030;
				ORGANIZATIONNAME = CMU;
				TargetAttributes = {
					D9AF2F59236B639300DF3919 = {
						CreatedOnToolsVersion = 10.3;
					};
					D9AF2F70236B639400DF3919 = {
						CreatedOnToolsVersion = 10.3;
						TestTargetID = D9AF2F59236B639300DF3919;
					};
				};
			};
			buildConfigurationList = D9AF2F55236B639300DF3919 /* Build configuration list for PBXProject "recipeApp" */;
			compatibilityVersion = "Xcode 9.3";
			developmentRegion = en;
			hasScannedForEncodings = 0;
			knownRegions = (
				en,
				Base,
			);
			mainGroup = D9AF2F51236B639300DF3919;
			productRefGroup = D9AF2F5B236B639300DF3919 /* Products */;
			projectDirPath = "";
			projectRoot = "";
			targets = (
				D9AF2F59236B639300DF3919 /* recipeApp */,
				D9AF2F70236B639400DF3919 /* recipeAppTests */,
			);
		};
/* End PBXProject section */

/* Begin PBXResourcesBuildPhase section */
		D9AF2F58236B639300DF3919 /* Resources */ = {
			isa = PBXResourcesBuildPhase;
			buildActionMask = 2147483647;
			files = (
				D9AF2F6B236B639400DF3919 /* LaunchScreen.storyboard in Resources */,
				D9AF2F68236B639400DF3919 /* Assets.xcassets in Resources */,
				D9AF2F63236B639300DF3919 /* Main.storyboard in Resources */,
			);
			runOnlyForDeploymentPostprocessing = 0;
		};
		D9AF2F6F236B639400DF3919 /* Resources */ = {
			isa = PBXResourcesBuildPhase;
			buildActionMask = 2147483647;
			files = (
			);
			runOnlyForDeploymentPostprocessing = 0;
		};
/* End PBXResourcesBuildPhase section */

/* Begin PBXSourcesBuildPhase section */
		D9AF2F56236B639300DF3919 /* Sources */ = {
			isa = PBXSourcesBuildPhase;
			buildActionMask = 2147483647;
			files = (
				D9AF2F66236B639300DF3919 /* recipeApp.xcdatamodeld in Sources */,
				D9AF2F60236B639300DF3919 /* ViewController.swift in Sources */,
				D9AF2F5E236B639300DF3919 /* AppDelegate.swift in Sources */,
				D9962BAC2371289E00774B21 /* RecipesViewController.swift in Sources */,
				F48F5D6223733F0700345980 /* RepositoriesViewModel.swift in Sources */,
				F48F5D642373407B00345980 /* SearchRecipesClient.swift in Sources */,
				D9AF2F81236E168900DF3919 /* Recipe.swift in Sources */,
			);
			runOnlyForDeploymentPostprocessing = 0;
		};
		D9AF2F6D236B639400DF3919 /* Sources */ = {
			isa = PBXSourcesBuildPhase;
			buildActionMask = 2147483647;
			files = (
				D9AF2F76236B639400DF3919 /* recipeAppTests.swift in Sources */,
			);
			runOnlyForDeploymentPostprocessing = 0;
		};
/* End PBXSourcesBuildPhase section */

/* Begin PBXTargetDependency section */
		D9AF2F73236B639400DF3919 /* PBXTargetDependency */ = {
			isa = PBXTargetDependency;
			target = D9AF2F59236B639300DF3919 /* recipeApp */;
			targetProxy = D9AF2F72236B639400DF3919 /* PBXContainerItemProxy */;
		};
/* End PBXTargetDependency section */

/* Begin PBXVariantGroup section */
		D9AF2F61236B639300DF3919 /* Main.storyboard */ = {
			isa = PBXVariantGroup;
			children = (
				D9AF2F62236B639300DF3919 /* Base */,
			);
			name = Main.storyboard;
			sourceTree = "<group>";
		};
		D9AF2F69236B639400DF3919 /* LaunchScreen.storyboard */ = {
			isa = PBXVariantGroup;
			children = (
				D9AF2F6A236B639400DF3919 /* Base */,
			);
			name = LaunchScreen.storyboard;
			sourceTree = "<group>";
		};
/* End PBXVariantGroup section */

/* Begin XCBuildConfiguration section */
		D9AF2F78236B639400DF3919 /* Debug */ = {
			isa = XCBuildConfiguration;
			buildSettings = {
				ALWAYS_SEARCH_USER_PATHS = NO;
				CLANG_ANALYZER_NONNULL = YES;
				CLANG_ANALYZER_NUMBER_OBJECT_CONVERSION = YES_AGGRESSIVE;
				CLANG_CXX_LANGUAGE_STANDARD = "gnu++14";
				CLANG_CXX_LIBRARY = "libc++";
				CLANG_ENABLE_MODULES = YES;
				CLANG_ENABLE_OBJC_ARC = YES;
				CLANG_ENABLE_OBJC_WEAK = YES;
				CLANG_WARN_BLOCK_CAPTURE_AUTORELEASING = YES;
				CLANG_WARN_BOOL_CONVERSION = YES;
				CLANG_WARN_COMMA = YES;
				CLANG_WARN_CONSTANT_CONVERSION = YES;
				CLANG_WARN_DEPRECATED_OBJC_IMPLEMENTATIONS = YES;
				CLANG_WARN_DIRECT_OBJC_ISA_USAGE = YES_ERROR;
				CLANG_WARN_DOCUMENTATION_COMMENTS = YES;
				CLANG_WARN_EMPTY_BODY = YES;
				CLANG_WARN_ENUM_CONVERSION = YES;
				CLANG_WARN_INFINITE_RECURSION = YES;
				CLANG_WARN_INT_CONVERSION = YES;
				CLANG_WARN_NON_LITERAL_NULL_CONVERSION = YES;
				CLANG_WARN_OBJC_IMPLICIT_RETAIN_SELF = YES;
				CLANG_WARN_OBJC_LITERAL_CONVERSION = YES;
				CLANG_WARN_OBJC_ROOT_CLASS = YES_ERROR;
				CLANG_WARN_RANGE_LOOP_ANALYSIS = YES;
				CLANG_WARN_STRICT_PROTOTYPES = YES;
				CLANG_WARN_SUSPICIOUS_MOVE = YES;
				CLANG_WARN_UNGUARDED_AVAILABILITY = YES_AGGRESSIVE;
				CLANG_WARN_UNREACHABLE_CODE = YES;
				CLANG_WARN__DUPLICATE_METHOD_MATCH = YES;
				CODE_SIGN_IDENTITY = "iPhone Developer";
				COPY_PHASE_STRIP = NO;
				DEBUG_INFORMATION_FORMAT = dwarf;
				ENABLE_STRICT_OBJC_MSGSEND = YES;
				ENABLE_TESTABILITY = YES;
				GCC_C_LANGUAGE_STANDARD = gnu11;
				GCC_DYNAMIC_NO_PIC = NO;
				GCC_NO_COMMON_BLOCKS = YES;
				GCC_OPTIMIZATION_LEVEL = 0;
				GCC_PREPROCESSOR_DEFINITIONS = (
					"DEBUG=1",
					"$(inherited)",
				);
				GCC_WARN_64_TO_32_BIT_CONVERSION = YES;
				GCC_WARN_ABOUT_RETURN_TYPE = YES_ERROR;
				GCC_WARN_UNDECLARED_SELECTOR = YES;
				GCC_WARN_UNINITIALIZED_AUTOS = YES_AGGRESSIVE;
				GCC_WARN_UNUSED_FUNCTION = YES;
				GCC_WARN_UNUSED_VARIABLE = YES;
				IPHONEOS_DEPLOYMENT_TARGET = 12.4;
				MTL_ENABLE_DEBUG_INFO = INCLUDE_SOURCE;
				MTL_FAST_MATH = YES;
				ONLY_ACTIVE_ARCH = YES;
				SDKROOT = iphoneos;
				SWIFT_ACTIVE_COMPILATION_CONDITIONS = DEBUG;
				SWIFT_OPTIMIZATION_LEVEL = "-Onone";
			};
			name = Debug;
		};
		D9AF2F79236B639400DF3919 /* Release */ = {
			isa = XCBuildConfiguration;
			buildSettings = {
				ALWAYS_SEARCH_USER_PATHS = NO;
				CLANG_ANALYZER_NONNULL = YES;
				CLANG_ANALYZER_NUMBER_OBJECT_CONVERSION = YES_AGGRESSIVE;
				CLANG_CXX_LANGUAGE_STANDARD = "gnu++14";
				CLANG_CXX_LIBRARY = "libc++";
				CLANG_ENABLE_MODULES = YES;
				CLANG_ENABLE_OBJC_ARC = YES;
				CLANG_ENABLE_OBJC_WEAK = YES;
				CLANG_WARN_BLOCK_CAPTURE_AUTORELEASING = YES;
				CLANG_WARN_BOOL_CONVERSION = YES;
				CLANG_WARN_COMMA = YES;
				CLANG_WARN_CONSTANT_CONVERSION = YES;
				CLANG_WARN_DEPRECATED_OBJC_IMPLEMENTATIONS = YES;
				CLANG_WARN_DIRECT_OBJC_ISA_USAGE = YES_ERROR;
				CLANG_WARN_DOCUMENTATION_COMMENTS = YES;
				CLANG_WARN_EMPTY_BODY = YES;
				CLANG_WARN_ENUM_CONVERSION = YES;
				CLANG_WARN_INFINITE_RECURSION = YES;
				CLANG_WARN_INT_CONVERSION = YES;
				CLANG_WARN_NON_LITERAL_NULL_CONVERSION = YES;
				CLANG_WARN_OBJC_IMPLICIT_RETAIN_SELF = YES;
				CLANG_WARN_OBJC_LITERAL_CONVERSION = YES;
				CLANG_WARN_OBJC_ROOT_CLASS = YES_ERROR;
				CLANG_WARN_RANGE_LOOP_ANALYSIS = YES;
				CLANG_WARN_STRICT_PROTOTYPES = YES;
				CLANG_WARN_SUSPICIOUS_MOVE = YES;
				CLANG_WARN_UNGUARDED_AVAILABILITY = YES_AGGRESSIVE;
				CLANG_WARN_UNREACHABLE_CODE = YES;
				CLANG_WARN__DUPLICATE_METHOD_MATCH = YES;
				CODE_SIGN_IDENTITY = "iPhone Developer";
				COPY_PHASE_STRIP = NO;
				DEBUG_INFORMATION_FORMAT = "dwarf-with-dsym";
				ENABLE_NS_ASSERTIONS = NO;
				ENABLE_STRICT_OBJC_MSGSEND = YES;
				GCC_C_LANGUAGE_STANDARD = gnu11;
				GCC_NO_COMMON_BLOCKS = YES;
				GCC_WARN_64_TO_32_BIT_CONVERSION = YES;
				GCC_WARN_ABOUT_RETURN_TYPE = YES_ERROR;
				GCC_WARN_UNDECLARED_SELECTOR = YES;
				GCC_WARN_UNINITIALIZED_AUTOS = YES_AGGRESSIVE;
				GCC_WARN_UNUSED_FUNCTION = YES;
				GCC_WARN_UNUSED_VARIABLE = YES;
				IPHONEOS_DEPLOYMENT_TARGET = 12.4;
				MTL_ENABLE_DEBUG_INFO = NO;
				MTL_FAST_MATH = YES;
				SDKROOT = iphoneos;
				SWIFT_COMPILATION_MODE = wholemodule;
				SWIFT_OPTIMIZATION_LEVEL = "-O";
				VALIDATE_PRODUCT = YES;
			};
			name = Release;
		};
		D9AF2F7B236B639400DF3919 /* Debug */ = {
			isa = XCBuildConfiguration;
			buildSettings = {
				ASSETCATALOG_COMPILER_APPICON_NAME = AppIcon;
				CODE_SIGN_STYLE = Automatic;
				INFOPLIST_FILE = recipeApp/Info.plist;
				LD_RUNPATH_SEARCH_PATHS = (
					"$(inherited)",
					"@executable_path/Frameworks",
				);
				PRODUCT_BUNDLE_IDENTIFIER = CMU.recipeApp;
				PRODUCT_NAME = "$(TARGET_NAME)";
				SWIFT_VERSION = 5.0;
				TARGETED_DEVICE_FAMILY = "1,2";
			};
			name = Debug;
		};
		D9AF2F7C236B639400DF3919 /* Release */ = {
			isa = XCBuildConfiguration;
			buildSettings = {
				ASSETCATALOG_COMPILER_APPICON_NAME = AppIcon;
				CODE_SIGN_STYLE = Automatic;
				INFOPLIST_FILE = recipeApp/Info.plist;
				LD_RUNPATH_SEARCH_PATHS = (
					"$(inherited)",
					"@executable_path/Frameworks",
				);
				PRODUCT_BUNDLE_IDENTIFIER = CMU.recipeApp;
				PRODUCT_NAME = "$(TARGET_NAME)";
				SWIFT_VERSION = 5.0;
				TARGETED_DEVICE_FAMILY = "1,2";
			};
			name = Release;
		};
		D9AF2F7E236B639400DF3919 /* Debug */ = {
			isa = XCBuildConfiguration;
			buildSettings = {
				ALWAYS_EMBED_SWIFT_STANDARD_LIBRARIES = YES;
				BUNDLE_LOADER = "$(TEST_HOST)";
				CODE_SIGN_STYLE = Automatic;
				INFOPLIST_FILE = recipeAppTests/Info.plist;
				LD_RUNPATH_SEARCH_PATHS = (
					"$(inherited)",
					"@executable_path/Frameworks",
					"@loader_path/Frameworks",
				);
				PRODUCT_BUNDLE_IDENTIFIER = CMU.recipeAppTests;
				PRODUCT_NAME = "$(TARGET_NAME)";
				SWIFT_VERSION = 5.0;
				TARGETED_DEVICE_FAMILY = "1,2";
				TEST_HOST = "$(BUILT_PRODUCTS_DIR)/recipeApp.app/recipeApp";
			};
			name = Debug;
		};
		D9AF2F7F236B639400DF3919 /* Release */ = {
			isa = XCBuildConfiguration;
			buildSettings = {
				ALWAYS_EMBED_SWIFT_STANDARD_LIBRARIES = YES;
				BUNDLE_LOADER = "$(TEST_HOST)";
				CODE_SIGN_STYLE = Automatic;
				INFOPLIST_FILE = recipeAppTests/Info.plist;
				LD_RUNPATH_SEARCH_PATHS = (
					"$(inherited)",
					"@executable_path/Frameworks",
					"@loader_path/Frameworks",
				);
				PRODUCT_BUNDLE_IDENTIFIER = CMU.recipeAppTests;
				PRODUCT_NAME = "$(TARGET_NAME)";
				SWIFT_VERSION = 5.0;
				TARGETED_DEVICE_FAMILY = "1,2";
				TEST_HOST = "$(BUILT_PRODUCTS_DIR)/recipeApp.app/recipeApp";
			};
			name = Release;
		};
/* End XCBuildConfiguration section */

/* Begin XCConfigurationList section */
		D9AF2F55236B639300DF3919 /* Build configuration list for PBXProject "recipeApp" */ = {
			isa = XCConfigurationList;
			buildConfigurations = (
				D9AF2F78236B639400DF3919 /* Debug */,
				D9AF2F79236B639400DF3919 /* Release */,
			);
			defaultConfigurationIsVisible = 0;
			defaultConfigurationName = Release;
		};
		D9AF2F7A236B639400DF3919 /* Build configuration list for PBXNativeTarget "recipeApp" */ = {
			isa = XCConfigurationList;
			buildConfigurations = (
				D9AF2F7B236B639400DF3919 /* Debug */,
				D9AF2F7C236B639400DF3919 /* Release */,
			);
			defaultConfigurationIsVisible = 0;
			defaultConfigurationName = Release;
		};
		D9AF2F7D236B639400DF3919 /* Build configuration list for PBXNativeTarget "recipeAppTests" */ = {
			isa = XCConfigurationList;
			buildConfigurations = (
				D9AF2F7E236B639400DF3919 /* Debug */,
				D9AF2F7F236B639400DF3919 /* Release */,
			);
			defaultConfigurationIsVisible = 0;
			defaultConfigurationName = Release;
		};
/* End XCConfigurationList section */

/* Begin XCVersionGroup section */
		D9AF2F64236B639300DF3919 /* recipeApp.xcdatamodeld */ = {
			isa = XCVersionGroup;
			children = (
				D9AF2F65236B639300DF3919 /* recipeApp.xcdatamodel */,
			);
			currentVersion = D9AF2F65236B639300DF3919 /* recipeApp.xcdatamodel */;
			path = recipeApp.xcdatamodeld;
			sourceTree = "<group>";
			versionGroupType = wrapper.xcdatamodel;
		};
/* End XCVersionGroup section */
	};
	rootObject = D9AF2F52236B639300DF3919 /* Project object */;
}
